PODS:
  - nimbus_core (1.0.0-beta.1)

DEPENDENCIES:
  - nimbus_core (from `../nimbus-core`)

EXTERNAL SOURCES:
  nimbus_core:
    :path: "../nimbus-core"

SPEC CHECKSUMS:
  nimbus_core: f4015b9bd958584a0d21a3383cddd38895c6abae

PODFILE CHECKSUM: 6768699f3ea38dd6c7612c8ba1752a0aa8514892

COCOAPODS: 1.10.1
