// !$*UTF8*$!
{
	archiveVersion = 1;
	classes = {
	};
	objectVersion = 55;
	objects = {

/* Begin PBXBuildFile section */
		93093691281330070028EA2C /* NimbusSwiftUI.framework in Frameworks */ = {isa = PBXBuildFile; fileRef = 93093686281330070028EA2C /* NimbusSwiftUI.framework */; };
		93093696281330070028EA2C /* NimbusSwiftUITests.swift in Sources */ = {isa = PBXBuildFile; fileRef = 93093695281330070028EA2C /* NimbusSwiftUITests.swift */; };
		93093697281330070028EA2C /* NimbusSwiftUI.h in Headers */ = {isa = PBXBuildFile; fileRef = 93093689281330070028EA2C /* NimbusSwiftUI.h */; settings = {ATTRIBUTES = (Public, ); }; };
		9318BAA728639D7900198798 /* OpenUrl.swift in Sources */ = {isa = PBXBuildFile; fileRef = 9318BAA628639D7900198798 /* OpenUrl.swift */; };
		9318BAAA2863ADB000198798 /* OpenUrlTests.swift in Sources */ = {isa = PBXBuildFile; fileRef = 9318BAA92863ADB000198798 /* OpenUrlTests.swift */; };
		931B066B286B6E550005C249 /* Nimbus.swift in Sources */ = {isa = PBXBuildFile; fileRef = 931B066A286B6E550005C249 /* Nimbus.swift */; };
		931B066D286B6E670005C249 /* Dependencies.swift in Sources */ = {isa = PBXBuildFile; fileRef = 931B066C286B6E670005C249 /* Dependencies.swift */; };
		9323D5C4282EED4E002EB6ED /* View.swift in Sources */ = {isa = PBXBuildFile; fileRef = 9323D5C3282EED4E002EB6ED /* View.swift */; };
		9323D5C7282EEDB4002EB6ED /* CasePath.swift in Sources */ = {isa = PBXBuildFile; fileRef = 9323D5C6282EEDB4002EB6ED /* CasePath.swift */; };
		9323D5CA282EEF86002EB6ED /* NimbusNavigator.swift in Sources */ = {isa = PBXBuildFile; fileRef = 9323D5C9282EEF86002EB6ED /* NimbusNavigator.swift */; };
		9323D5CC282EF0E6002EB6ED /* ViewModel.swift in Sources */ = {isa = PBXBuildFile; fileRef = 9323D5CB282EF0E6002EB6ED /* ViewModel.swift */; };
		9323D5CE282EF29E002EB6ED /* Aliases.swift in Sources */ = {isa = PBXBuildFile; fileRef = 9323D5CD282EF29E002EB6ED /* Aliases.swift */; };
		93417C2B283D4E34007A014F /* NimbusCoreExtensions.swift in Sources */ = {isa = PBXBuildFile; fileRef = 93417C2A283D4E34007A014F /* NimbusCoreExtensions.swift */; };
		93417C2E283D4FBC007A014F /* SnapshotTesting in Frameworks */ = {isa = PBXBuildFile; productRef = 93417C2D283D4FBC007A014F /* SnapshotTesting */; };
		938363E329158651007F4FC4 /* Decoder.swift in Sources */ = {isa = PBXBuildFile; fileRef = 938363E229158651007F4FC4 /* Decoder.swift */; };
		93A5039D2816E92200269B03 /* NimbusView.swift in Sources */ = {isa = PBXBuildFile; fileRef = 93A5039C2816E92200269B03 /* NimbusView.swift */; };
		93B907442835941E000299DD /* NimbusCore.xcframework in Frameworks */ = {isa = PBXBuildFile; fileRef = 93B907432835941E000299DD /* NimbusCore.xcframework */; };
		93B90747283C1EA7000299DD /* ViewModelTests.swift in Sources */ = {isa = PBXBuildFile; fileRef = 93B90746283C1EA7000299DD /* ViewModelTests.swift */; };
		93B90749283C224F000299DD /* NimbusViewTests.swift in Sources */ = {isa = PBXBuildFile; fileRef = 93B90748283C224F000299DD /* NimbusViewTests.swift */; };
		93F4C205291A89F6003A868B /* DecoderTests.swift in Sources */ = {isa = PBXBuildFile; fileRef = 93F4C204291A89F6003A868B /* DecoderTests.swift */; };
		93F4C208291E89F6003A868B /* DecodableWrappers.swift in Sources */ = {isa = PBXBuildFile; fileRef = 93F4C207291E89F6003A868B /* DecodableWrappers.swift */; };
		93F4C20A291E8A08003A868B /* SwiftUIWrappers.swift in Sources */ = {isa = PBXBuildFile; fileRef = 93F4C209291E8A08003A868B /* SwiftUIWrappers.swift */; };
		93F4C20C291E8B19003A868B /* ServerDrivenNode.swift in Sources */ = {isa = PBXBuildFile; fileRef = 93F4C20B291E8B19003A868B /* ServerDrivenNode.swift */; };
		93F4C210291E90E5003A868B /* DecodableWrappersTests.swift in Sources */ = {isa = PBXBuildFile; fileRef = 93F4C20F291E90E5003A868B /* DecodableWrappersTests.swift */; };
		93F4C212291E912F003A868B /* SwiftUIWrappersTests.swift in Sources */ = {isa = PBXBuildFile; fileRef = 93F4C211291E912F003A868B /* SwiftUIWrappersTests.swift */; };
		93FF9D52282A9AB400C36CE9 /* NavigationLink.swift in Sources */ = {isa = PBXBuildFile; fileRef = 93FF9D51282A9AB400C36CE9 /* NavigationLink.swift */; };
		93FF9D54282A9ACA00C36CE9 /* Binding.swift in Sources */ = {isa = PBXBuildFile; fileRef = 93FF9D53282A9ACA00C36CE9 /* Binding.swift */; };
		93FF9D56282A9B3800C36CE9 /* ActivityIndicator.swift in Sources */ = {isa = PBXBuildFile; fileRef = 93FF9D55282A9B3800C36CE9 /* ActivityIndicator.swift */; };
		93FF9D59282ADD2A00C36CE9 /* ViewDidLoadModifier.swift in Sources */ = {isa = PBXBuildFile; fileRef = 93FF9D58282ADD2A00C36CE9 /* ViewDidLoadModifier.swift */; };
		93FF9D5B282AE06E00C36CE9 /* NimbusCore.swift in Sources */ = {isa = PBXBuildFile; fileRef = 93FF9D5A282AE06E00C36CE9 /* NimbusCore.swift */; };
		AFCE758C28CF5C2A004EF849 /* NimbusSwiftUILibrary.swift in Sources */ = {isa = PBXBuildFile; fileRef = AFCE758B28CF5C2A004EF849 /* NimbusSwiftUILibrary.swift */; };
		AFCE759128CF5E22004EF849 /* CoreUI.swift in Sources */ = {isa = PBXBuildFile; fileRef = AFCE759028CF5E22004EF849 /* CoreUI.swift */; };
		AFCE759328CFA417004EF849 /* ObservableNode.swift in Sources */ = {isa = PBXBuildFile; fileRef = AFCE759228CFA417004EF849 /* ObservableNode.swift */; };
		AFCE759528CFA584004EF849 /* RenderedNode.swift in Sources */ = {isa = PBXBuildFile; fileRef = AFCE759428CFA584004EF849 /* RenderedNode.swift */; };
		BFDBC0AA2915987B005ECE84 /* NimbusCore.swift in Sources */ = {isa = PBXBuildFile; fileRef = BFDBC0A92915987B005ECE84 /* NimbusCore.swift */; };
/* End PBXBuildFile section */

/* Begin PBXContainerItemProxy section */
		93093692281330070028EA2C /* PBXContainerItemProxy */ = {
			isa = PBXContainerItemProxy;
			containerPortal = 9309367D281330070028EA2C /* Project object */;
			proxyType = 1;
			remoteGlobalIDString = 93093685281330070028EA2C;
			remoteInfo = NimbusSwiftUI;
		};
/* End PBXContainerItemProxy section */

/* Begin PBXFileReference section */
		93093686281330070028EA2C /* NimbusSwiftUI.framework */ = {isa = PBXFileReference; explicitFileType = wrapper.framework; includeInIndex = 0; path = NimbusSwiftUI.framework; sourceTree = BUILT_PRODUCTS_DIR; };
		93093689281330070028EA2C /* NimbusSwiftUI.h */ = {isa = PBXFileReference; lastKnownFileType = sourcecode.c.h; path = NimbusSwiftUI.h; sourceTree = "<group>"; };
		93093690281330070028EA2C /* NimbusSwiftUITests.xctest */ = {isa = PBXFileReference; explicitFileType = wrapper.cfbundle; includeInIndex = 0; path = NimbusSwiftUITests.xctest; sourceTree = BUILT_PRODUCTS_DIR; };
		93093695281330070028EA2C /* NimbusSwiftUITests.swift */ = {isa = PBXFileReference; lastKnownFileType = sourcecode.swift; path = NimbusSwiftUITests.swift; sourceTree = "<group>"; };
		9318BAA628639D7900198798 /* OpenUrl.swift */ = {isa = PBXFileReference; lastKnownFileType = sourcecode.swift; path = OpenUrl.swift; sourceTree = "<group>"; };
		9318BAA92863ADB000198798 /* OpenUrlTests.swift */ = {isa = PBXFileReference; lastKnownFileType = sourcecode.swift; path = OpenUrlTests.swift; sourceTree = "<group>"; };
		931B066A286B6E550005C249 /* Nimbus.swift */ = {isa = PBXFileReference; lastKnownFileType = sourcecode.swift; path = Nimbus.swift; sourceTree = "<group>"; };
		931B066C286B6E670005C249 /* Dependencies.swift */ = {isa = PBXFileReference; lastKnownFileType = sourcecode.swift; path = Dependencies.swift; sourceTree = "<group>"; };
		9323D5C3282EED4E002EB6ED /* View.swift */ = {isa = PBXFileReference; lastKnownFileType = sourcecode.swift; path = View.swift; sourceTree = "<group>"; };
		9323D5C6282EEDB4002EB6ED /* CasePath.swift */ = {isa = PBXFileReference; lastKnownFileType = sourcecode.swift; path = CasePath.swift; sourceTree = "<group>"; };
		9323D5C9282EEF86002EB6ED /* NimbusNavigator.swift */ = {isa = PBXFileReference; lastKnownFileType = sourcecode.swift; path = NimbusNavigator.swift; sourceTree = "<group>"; };
		9323D5CB282EF0E6002EB6ED /* ViewModel.swift */ = {isa = PBXFileReference; lastKnownFileType = sourcecode.swift; path = ViewModel.swift; sourceTree = "<group>"; };
		9323D5CD282EF29E002EB6ED /* Aliases.swift */ = {isa = PBXFileReference; lastKnownFileType = sourcecode.swift; path = Aliases.swift; sourceTree = "<group>"; };
		93417C2A283D4E34007A014F /* NimbusCoreExtensions.swift */ = {isa = PBXFileReference; lastKnownFileType = sourcecode.swift; path = NimbusCoreExtensions.swift; sourceTree = "<group>"; };
		938363E229158651007F4FC4 /* Decoder.swift */ = {isa = PBXFileReference; lastKnownFileType = sourcecode.swift; path = Decoder.swift; sourceTree = "<group>"; };
		93A5039C2816E92200269B03 /* NimbusView.swift */ = {isa = PBXFileReference; fileEncoding = 4; lastKnownFileType = sourcecode.swift; path = NimbusView.swift; sourceTree = "<group>"; };
		93B907432835941E000299DD /* NimbusCore.xcframework */ = {isa = PBXFileReference; lastKnownFileType = wrapper.xcframework; name = NimbusCore.xcframework; path = ../NimbusCore/NimbusCore.xcframework; sourceTree = "<group>"; };
		93B90746283C1EA7000299DD /* ViewModelTests.swift */ = {isa = PBXFileReference; lastKnownFileType = sourcecode.swift; path = ViewModelTests.swift; sourceTree = "<group>"; };
		93B90748283C224F000299DD /* NimbusViewTests.swift */ = {isa = PBXFileReference; lastKnownFileType = sourcecode.swift; path = NimbusViewTests.swift; sourceTree = "<group>"; };
		93CCDB91283D65F10091B86A /* __Snapshots__ */ = {isa = PBXFileReference; lastKnownFileType = folder; path = __Snapshots__; sourceTree = "<group>"; };
		93CCDB92283D679B0091B86A /* __Snapshots__ */ = {isa = PBXFileReference; lastKnownFileType = folder; path = __Snapshots__; sourceTree = "<group>"; };
		93F4C204291A89F6003A868B /* DecoderTests.swift */ = {isa = PBXFileReference; lastKnownFileType = sourcecode.swift; path = DecoderTests.swift; sourceTree = "<group>"; };
		93F4C207291E89F6003A868B /* DecodableWrappers.swift */ = {isa = PBXFileReference; lastKnownFileType = sourcecode.swift; path = DecodableWrappers.swift; sourceTree = "<group>"; };
		93F4C209291E8A08003A868B /* SwiftUIWrappers.swift */ = {isa = PBXFileReference; lastKnownFileType = sourcecode.swift; path = SwiftUIWrappers.swift; sourceTree = "<group>"; };
		93F4C20B291E8B19003A868B /* ServerDrivenNode.swift */ = {isa = PBXFileReference; lastKnownFileType = sourcecode.swift; path = ServerDrivenNode.swift; sourceTree = "<group>"; };
		93F4C20E291E9096003A868B /* __Snapshots__ */ = {isa = PBXFileReference; lastKnownFileType = folder; path = __Snapshots__; sourceTree = "<group>"; };
		93F4C20F291E90E5003A868B /* DecodableWrappersTests.swift */ = {isa = PBXFileReference; lastKnownFileType = sourcecode.swift; path = DecodableWrappersTests.swift; sourceTree = "<group>"; };
		93F4C211291E912F003A868B /* SwiftUIWrappersTests.swift */ = {isa = PBXFileReference; lastKnownFileType = sourcecode.swift; path = SwiftUIWrappersTests.swift; sourceTree = "<group>"; };
		93FF9D51282A9AB400C36CE9 /* NavigationLink.swift */ = {isa = PBXFileReference; lastKnownFileType = sourcecode.swift; path = NavigationLink.swift; sourceTree = "<group>"; };
		93FF9D53282A9ACA00C36CE9 /* Binding.swift */ = {isa = PBXFileReference; lastKnownFileType = sourcecode.swift; path = Binding.swift; sourceTree = "<group>"; };
		93FF9D55282A9B3800C36CE9 /* ActivityIndicator.swift */ = {isa = PBXFileReference; lastKnownFileType = sourcecode.swift; path = ActivityIndicator.swift; sourceTree = "<group>"; };
		93FF9D58282ADD2A00C36CE9 /* ViewDidLoadModifier.swift */ = {isa = PBXFileReference; lastKnownFileType = sourcecode.swift; path = ViewDidLoadModifier.swift; sourceTree = "<group>"; };
		93FF9D5A282AE06E00C36CE9 /* NimbusCore.swift */ = {isa = PBXFileReference; lastKnownFileType = sourcecode.swift; path = NimbusCore.swift; sourceTree = "<group>"; };
		AFCE758B28CF5C2A004EF849 /* NimbusSwiftUILibrary.swift */ = {isa = PBXFileReference; lastKnownFileType = sourcecode.swift; path = NimbusSwiftUILibrary.swift; sourceTree = "<group>"; };
		AFCE759028CF5E22004EF849 /* CoreUI.swift */ = {isa = PBXFileReference; lastKnownFileType = sourcecode.swift; path = CoreUI.swift; sourceTree = "<group>"; };
		AFCE759228CFA417004EF849 /* ObservableNode.swift */ = {isa = PBXFileReference; lastKnownFileType = sourcecode.swift; path = ObservableNode.swift; sourceTree = "<group>"; };
		AFCE759428CFA584004EF849 /* RenderedNode.swift */ = {isa = PBXFileReference; lastKnownFileType = sourcecode.swift; path = RenderedNode.swift; sourceTree = "<group>"; };
		BFDBC0A92915987B005ECE84 /* NimbusCore.swift */ = {isa = PBXFileReference; lastKnownFileType = sourcecode.swift; path = NimbusCore.swift; sourceTree = "<group>"; };
/* End PBXFileReference section */

/* Begin PBXFrameworksBuildPhase section */
		93093683281330070028EA2C /* Frameworks */ = {
			isa = PBXFrameworksBuildPhase;
			buildActionMask = 2147483647;
			files = (
				93B907442835941E000299DD /* NimbusCore.xcframework in Frameworks */,
			);
			runOnlyForDeploymentPostprocessing = 0;
		};
		9309368D281330070028EA2C /* Frameworks */ = {
			isa = PBXFrameworksBuildPhase;
			buildActionMask = 2147483647;
			files = (
				93093691281330070028EA2C /* NimbusSwiftUI.framework in Frameworks */,
				93417C2E283D4FBC007A014F /* SnapshotTesting in Frameworks */,
			);
			runOnlyForDeploymentPostprocessing = 0;
		};
/* End PBXFrameworksBuildPhase section */

/* Begin PBXGroup section */
		9309367C281330070028EA2C = {
			isa = PBXGroup;
			children = (
				93093688281330070028EA2C /* NimbusSwiftUI */,
				93093694281330070028EA2C /* NimbusSwiftUITests */,
				93B9074228358D78000299DD /* Frameworks */,
				93093687281330070028EA2C /* Products */,
			);
			sourceTree = "<group>";
		};
		93093687281330070028EA2C /* Products */ = {
			isa = PBXGroup;
			children = (
				93093686281330070028EA2C /* NimbusSwiftUI.framework */,
				93093690281330070028EA2C /* NimbusSwiftUITests.xctest */,
			);
			name = Products;
			sourceTree = "<group>";
		};
		93093688281330070028EA2C /* NimbusSwiftUI */ = {
			isa = PBXGroup;
			children = (
				93F4C206291E89D5003A868B /* Decoder */,
				AFCE758F28CF5DB1004EF849 /* UI */,
				9323D5C5282EED9D002EB6ED /* CasePath */,
				93FF9D4F282A9A9000C36CE9 /* Extensions */,
				9323D5C8282EEF10002EB6ED /* NimbusView */,
				93FF9D57282ADD0E00C36CE9 /* ViewModifiers */,
				93FF9D50282A9A9800C36CE9 /* Views */,
				9323D5CD282EF29E002EB6ED /* Aliases.swift */,
				931B066A286B6E550005C249 /* Nimbus.swift */,
				931B066C286B6E670005C249 /* Dependencies.swift */,
				9323D5C9282EEF86002EB6ED /* NimbusNavigator.swift */,
				93093689281330070028EA2C /* NimbusSwiftUI.h */,
			);
			path = NimbusSwiftUI;
			sourceTree = "<group>";
		};
		93093694281330070028EA2C /* NimbusSwiftUITests */ = {
			isa = PBXGroup;
			children = (
				93F4C20D291E904F003A868B /* Decoder */,
				BFDBC0A82915985E005ECE84 /* Extensions */,
				9318BAA82863AD9700198798 /* Actions */,
				93CCDB91283D65F10091B86A /* __Snapshots__ */,
				93B90745283C1E83000299DD /* NimbusView */,
				93417C2A283D4E34007A014F /* NimbusCoreExtensions.swift */,
				93093695281330070028EA2C /* NimbusSwiftUITests.swift */,
			);
			path = NimbusSwiftUITests;
			sourceTree = "<group>";
		};
		9318BAA82863AD9700198798 /* Actions */ = {
			isa = PBXGroup;
			children = (
				9318BAA92863ADB000198798 /* OpenUrlTests.swift */,
			);
			path = Actions;
			sourceTree = "<group>";
		};
		9323D5C5282EED9D002EB6ED /* CasePath */ = {
			isa = PBXGroup;
			children = (
				9323D5C6282EEDB4002EB6ED /* CasePath.swift */,
			);
			path = CasePath;
			sourceTree = "<group>";
		};
		9323D5C8282EEF10002EB6ED /* NimbusView */ = {
			isa = PBXGroup;
			children = (
				93A5039C2816E92200269B03 /* NimbusView.swift */,
				9323D5CB282EF0E6002EB6ED /* ViewModel.swift */,
				AFCE759228CFA417004EF849 /* ObservableNode.swift */,
				AFCE759428CFA584004EF849 /* RenderedNode.swift */,
			);
			path = NimbusView;
			sourceTree = "<group>";
		};
		93B9074228358D78000299DD /* Frameworks */ = {
			isa = PBXGroup;
			children = (
				93B907432835941E000299DD /* NimbusCore.xcframework */,
			);
			name = Frameworks;
			sourceTree = "<group>";
		};
		93B90745283C1E83000299DD /* NimbusView */ = {
			isa = PBXGroup;
			children = (
				93CCDB92283D679B0091B86A /* __Snapshots__ */,
				93B90748283C224F000299DD /* NimbusViewTests.swift */,
				93B90746283C1EA7000299DD /* ViewModelTests.swift */,
			);
			path = NimbusView;
			sourceTree = "<group>";
		};
		93F4C206291E89D5003A868B /* Decoder */ = {
			isa = PBXGroup;
			children = (
				938363E229158651007F4FC4 /* Decoder.swift */,
				93F4C207291E89F6003A868B /* DecodableWrappers.swift */,
				93F4C209291E8A08003A868B /* SwiftUIWrappers.swift */,
			);
			path = Decoder;
			sourceTree = "<group>";
		};
		93F4C20D291E904F003A868B /* Decoder */ = {
			isa = PBXGroup;
			children = (
				93F4C20E291E9096003A868B /* __Snapshots__ */,
				93F4C204291A89F6003A868B /* DecoderTests.swift */,
				93F4C20F291E90E5003A868B /* DecodableWrappersTests.swift */,
				93F4C211291E912F003A868B /* SwiftUIWrappersTests.swift */,
			);
			path = Decoder;
			sourceTree = "<group>";
		};
		93FF9D4F282A9A9000C36CE9 /* Extensions */ = {
			isa = PBXGroup;
			children = (
				93FF9D53282A9ACA00C36CE9 /* Binding.swift */,
				93FF9D51282A9AB400C36CE9 /* NavigationLink.swift */,
				93FF9D5A282AE06E00C36CE9 /* NimbusCore.swift */,
				9323D5C3282EED4E002EB6ED /* View.swift */,
				93F4C20B291E8B19003A868B /* ServerDrivenNode.swift */,
			);
			path = Extensions;
			sourceTree = "<group>";
		};
		93FF9D50282A9A9800C36CE9 /* Views */ = {
			isa = PBXGroup;
			children = (
				93FF9D55282A9B3800C36CE9 /* ActivityIndicator.swift */,
			);
			path = Views;
			sourceTree = "<group>";
		};
		93FF9D57282ADD0E00C36CE9 /* ViewModifiers */ = {
			isa = PBXGroup;
			children = (
				93FF9D58282ADD2A00C36CE9 /* ViewDidLoadModifier.swift */,
			);
			path = ViewModifiers;
			sourceTree = "<group>";
		};
		AFCE758F28CF5DB1004EF849 /* UI */ = {
			isa = PBXGroup;
			children = (
				9318BAA628639D7900198798 /* OpenUrl.swift */,
				AFCE759028CF5E22004EF849 /* CoreUI.swift */,
				AFCE758B28CF5C2A004EF849 /* NimbusSwiftUILibrary.swift */,
			);
			path = UI;
			sourceTree = "<group>";
		};
		BFDBC0A82915985E005ECE84 /* Extensions */ = {
			isa = PBXGroup;
			children = (
				BFDBC0A92915987B005ECE84 /* NimbusCore.swift */,
			);
			path = Extensions;
			sourceTree = "<group>";
		};
/* End PBXGroup section */

/* Begin PBXHeadersBuildPhase section */
		93093681281330070028EA2C /* Headers */ = {
			isa = PBXHeadersBuildPhase;
			buildActionMask = 2147483647;
			files = (
				93093697281330070028EA2C /* NimbusSwiftUI.h in Headers */,
			);
			runOnlyForDeploymentPostprocessing = 0;
		};
/* End PBXHeadersBuildPhase section */

/* Begin PBXNativeTarget section */
		93093685281330070028EA2C /* NimbusSwiftUI */ = {
			isa = PBXNativeTarget;
			buildConfigurationList = 9309369A281330070028EA2C /* Build configuration list for PBXNativeTarget "NimbusSwiftUI" */;
			buildPhases = (
				93093681281330070028EA2C /* Headers */,
				93093682281330070028EA2C /* Sources */,
				93BCD905294234A100751085 /* ShellScript */,
				93093683281330070028EA2C /* Frameworks */,
				93093684281330070028EA2C /* Resources */,
			);
			buildRules = (
			);
			dependencies = (
			);
			name = NimbusSwiftUI;
			productName = NimbusSwiftUI;
			productReference = 93093686281330070028EA2C /* NimbusSwiftUI.framework */;
			productType = "com.apple.product-type.framework";
		};
		9309368F281330070028EA2C /* NimbusSwiftUITests */ = {
			isa = PBXNativeTarget;
			buildConfigurationList = 9309369D281330070028EA2C /* Build configuration list for PBXNativeTarget "NimbusSwiftUITests" */;
			buildPhases = (
				9309368C281330070028EA2C /* Sources */,
				9309368D281330070028EA2C /* Frameworks */,
				9309368E281330070028EA2C /* Resources */,
			);
			buildRules = (
			);
			dependencies = (
				93093693281330070028EA2C /* PBXTargetDependency */,
			);
			name = NimbusSwiftUITests;
			packageProductDependencies = (
				93417C2D283D4FBC007A014F /* SnapshotTesting */,
			);
			productName = NimbusSwiftUITests;
			productReference = 93093690281330070028EA2C /* NimbusSwiftUITests.xctest */;
			productType = "com.apple.product-type.bundle.unit-test";
		};
/* End PBXNativeTarget section */

/* Begin PBXProject section */
		9309367D281330070028EA2C /* Project object */ = {
			isa = PBXProject;
			attributes = {
				BuildIndependentTargetsInParallel = 1;
				LastSwiftUpdateCheck = 1330;
				LastUpgradeCheck = 1330;
				TargetAttributes = {
					93093685281330070028EA2C = {
						CreatedOnToolsVersion = 13.3;
					};
					9309368F281330070028EA2C = {
						CreatedOnToolsVersion = 13.3;
					};
				};
			};
			buildConfigurationList = 93093680281330070028EA2C /* Build configuration list for PBXProject "NimbusSwiftUI" */;
			compatibilityVersion = "Xcode 13.0";
			developmentRegion = en;
			hasScannedForEncodings = 0;
			knownRegions = (
				en,
				Base,
			);
			mainGroup = 9309367C281330070028EA2C;
			packageReferences = (
				93417C2C283D4FBC007A014F /* XCRemoteSwiftPackageReference "swift-snapshot-testing" */,
			);
			productRefGroup = 93093687281330070028EA2C /* Products */;
			projectDirPath = "";
			projectRoot = "";
			targets = (
				93093685281330070028EA2C /* NimbusSwiftUI */,
				9309368F281330070028EA2C /* NimbusSwiftUITests */,
			);
		};
/* End PBXProject section */

/* Begin PBXResourcesBuildPhase section */
		93093684281330070028EA2C /* Resources */ = {
			isa = PBXResourcesBuildPhase;
			buildActionMask = 2147483647;
			files = (
			);
			runOnlyForDeploymentPostprocessing = 0;
		};
		9309368E281330070028EA2C /* Resources */ = {
			isa = PBXResourcesBuildPhase;
			buildActionMask = 2147483647;
			files = (
			);
			runOnlyForDeploymentPostprocessing = 0;
		};
/* End PBXResourcesBuildPhase section */

/* Begin PBXShellScriptBuildPhase section */
		93BCD905294234A100751085 /* ShellScript */ = {
			isa = PBXShellScriptBuildPhase;
			alwaysOutOfDate = 1;
			buildActionMask = 2147483647;
			files = (
			);
			inputFileListPaths = (
			);
			inputPaths = (
			);
			outputFileListPaths = (
			);
			outputPaths = (
			);
			runOnlyForDeploymentPostprocessing = 0;
			shellPath = /bin/sh;
			shellScript = "if which swiftlint > /dev/null; then\n  swiftlint\nelse\n  echo \"warning: SwiftLint not installed, download from https://github.com/realm/SwiftLint\"\nfi\n";
		};
/* End PBXShellScriptBuildPhase section */

/* Begin PBXSourcesBuildPhase section */
		93093682281330070028EA2C /* Sources */ = {
			isa = PBXSourcesBuildPhase;
			buildActionMask = 2147483647;
			files = (
				9318BAA728639D7900198798 /* OpenUrl.swift in Sources */,
				9323D5C4282EED4E002EB6ED /* View.swift in Sources */,
				9323D5CA282EEF86002EB6ED /* NimbusNavigator.swift in Sources */,
				93F4C20A291E8A08003A868B /* SwiftUIWrappers.swift in Sources */,
				931B066D286B6E670005C249 /* Dependencies.swift in Sources */,
				938363E329158651007F4FC4 /* Decoder.swift in Sources */,
				93FF9D52282A9AB400C36CE9 /* NavigationLink.swift in Sources */,
				9323D5CC282EF0E6002EB6ED /* ViewModel.swift in Sources */,
				93F4C208291E89F6003A868B /* DecodableWrappers.swift in Sources */,
				9323D5C7282EEDB4002EB6ED /* CasePath.swift in Sources */,
				AFCE759128CF5E22004EF849 /* CoreUI.swift in Sources */,
				AFCE759528CFA584004EF849 /* RenderedNode.swift in Sources */,
				93FF9D56282A9B3800C36CE9 /* ActivityIndicator.swift in Sources */,
				931B066B286B6E550005C249 /* Nimbus.swift in Sources */,
				AFCE758C28CF5C2A004EF849 /* NimbusSwiftUILibrary.swift in Sources */,
				9323D5CE282EF29E002EB6ED /* Aliases.swift in Sources */,
				AFCE759328CFA417004EF849 /* ObservableNode.swift in Sources */,
				93FF9D59282ADD2A00C36CE9 /* ViewDidLoadModifier.swift in Sources */,
				93FF9D5B282AE06E00C36CE9 /* NimbusCore.swift in Sources */,
				93A5039D2816E92200269B03 /* NimbusView.swift in Sources */,
				93F4C20C291E8B19003A868B /* ServerDrivenNode.swift in Sources */,
				93FF9D54282A9ACA00C36CE9 /* Binding.swift in Sources */,
			);
			runOnlyForDeploymentPostprocessing = 0;
		};
		9309368C281330070028EA2C /* Sources */ = {
			isa = PBXSourcesBuildPhase;
			buildActionMask = 2147483647;
			files = (
				BFDBC0AA2915987B005ECE84 /* NimbusCore.swift in Sources */,
				93417C2B283D4E34007A014F /* NimbusCoreExtensions.swift in Sources */,
				93B90747283C1EA7000299DD /* ViewModelTests.swift in Sources */,
				9318BAAA2863ADB000198798 /* OpenUrlTests.swift in Sources */,
				93093696281330070028EA2C /* NimbusSwiftUITests.swift in Sources */,
				93F4C205291A89F6003A868B /* DecoderTests.swift in Sources */,
				93F4C210291E90E5003A868B /* DecodableWrappersTests.swift in Sources */,
				93B90749283C224F000299DD /* NimbusViewTests.swift in Sources */,
				93F4C212291E912F003A868B /* SwiftUIWrappersTests.swift in Sources */,
			);
			runOnlyForDeploymentPostprocessing = 0;
		};
/* End PBXSourcesBuildPhase section */

/* Begin PBXTargetDependency section */
		93093693281330070028EA2C /* PBXTargetDependency */ = {
			isa = PBXTargetDependency;
			target = 93093685281330070028EA2C /* NimbusSwiftUI */;
			targetProxy = 93093692281330070028EA2C /* PBXContainerItemProxy */;
		};
/* End PBXTargetDependency section */

/* Begin XCBuildConfiguration section */
		93093698281330070028EA2C /* Debug */ = {
			isa = XCBuildConfiguration;
			buildSettings = {
				ALWAYS_SEARCH_USER_PATHS = NO;
				CLANG_ANALYZER_NONNULL = YES;
				CLANG_ANALYZER_NUMBER_OBJECT_CONVERSION = YES_AGGRESSIVE;
				CLANG_CXX_LANGUAGE_STANDARD = "gnu++17";
				CLANG_ENABLE_MODULES = YES;
				CLANG_ENABLE_OBJC_ARC = YES;
				CLANG_ENABLE_OBJC_WEAK = YES;
				CLANG_WARN_BLOCK_CAPTURE_AUTORELEASING = YES;
				CLANG_WARN_BOOL_CONVERSION = YES;
				CLANG_WARN_COMMA = YES;
				CLANG_WARN_CONSTANT_CONVERSION = YES;
				CLANG_WARN_DEPRECATED_OBJC_IMPLEMENTATIONS = YES;
				CLANG_WARN_DIRECT_OBJC_ISA_USAGE = YES_ERROR;
				CLANG_WARN_DOCUMENTATION_COMMENTS = YES;
				CLANG_WARN_EMPTY_BODY = YES;
				CLANG_WARN_ENUM_CONVERSION = YES;
				CLANG_WARN_INFINITE_RECURSION = YES;
				CLANG_WARN_INT_CONVERSION = YES;
				CLANG_WARN_NON_LITERAL_NULL_CONVERSION = YES;
				CLANG_WARN_OBJC_IMPLICIT_RETAIN_SELF = YES;
				CLANG_WARN_OBJC_LITERAL_CONVERSION = YES;
				CLANG_WARN_OBJC_ROOT_CLASS = YES_ERROR;
				CLANG_WARN_QUOTED_INCLUDE_IN_FRAMEWORK_HEADER = YES;
				CLANG_WARN_RANGE_LOOP_ANALYSIS = YES;
				CLANG_WARN_STRICT_PROTOTYPES = YES;
				CLANG_WARN_SUSPICIOUS_MOVE = YES;
				CLANG_WARN_UNGUARDED_AVAILABILITY = YES_AGGRESSIVE;
				CLANG_WARN_UNREACHABLE_CODE = YES;
				CLANG_WARN__DUPLICATE_METHOD_MATCH = YES;
				COPY_PHASE_STRIP = NO;
				CURRENT_PROJECT_VERSION = 1;
				DEBUG_INFORMATION_FORMAT = dwarf;
				ENABLE_STRICT_OBJC_MSGSEND = YES;
				ENABLE_TESTABILITY = YES;
				GCC_C_LANGUAGE_STANDARD = gnu11;
				GCC_DYNAMIC_NO_PIC = NO;
				GCC_NO_COMMON_BLOCKS = YES;
				GCC_OPTIMIZATION_LEVEL = 0;
				GCC_PREPROCESSOR_DEFINITIONS = (
					"DEBUG=1",
					"$(inherited)",
				);
				GCC_WARN_64_TO_32_BIT_CONVERSION = YES;
				GCC_WARN_ABOUT_RETURN_TYPE = YES_ERROR;
				GCC_WARN_UNDECLARED_SELECTOR = YES;
				GCC_WARN_UNINITIALIZED_AUTOS = YES_AGGRESSIVE;
				GCC_WARN_UNUSED_FUNCTION = YES;
				GCC_WARN_UNUSED_VARIABLE = YES;
				IPHONEOS_DEPLOYMENT_TARGET = 15.4;
				MTL_ENABLE_DEBUG_INFO = INCLUDE_SOURCE;
				MTL_FAST_MATH = YES;
				ONLY_ACTIVE_ARCH = YES;
				SDKROOT = iphoneos;
				SWIFT_ACTIVE_COMPILATION_CONDITIONS = DEBUG;
				SWIFT_OPTIMIZATION_LEVEL = "-Onone";
				VERSIONING_SYSTEM = "apple-generic";
				VERSION_INFO_PREFIX = "";
			};
			name = Debug;
		};
		93093699281330070028EA2C /* Release */ = {
			isa = XCBuildConfiguration;
			buildSettings = {
				ALWAYS_SEARCH_USER_PATHS = NO;
				CLANG_ANALYZER_NONNULL = YES;
				CLANG_ANALYZER_NUMBER_OBJECT_CONVERSION = YES_AGGRESSIVE;
				CLANG_CXX_LANGUAGE_STANDARD = "gnu++17";
				CLANG_ENABLE_MODULES = YES;
				CLANG_ENABLE_OBJC_ARC = YES;
				CLANG_ENABLE_OBJC_WEAK = YES;
				CLANG_WARN_BLOCK_CAPTURE_AUTORELEASING = YES;
				CLANG_WARN_BOOL_CONVERSION = YES;
				CLANG_WARN_COMMA = YES;
				CLANG_WARN_CONSTANT_CONVERSION = YES;
				CLANG_WARN_DEPRECATED_OBJC_IMPLEMENTATIONS = YES;
				CLANG_WARN_DIRECT_OBJC_ISA_USAGE = YES_ERROR;
				CLANG_WARN_DOCUMENTATION_COMMENTS = YES;
				CLANG_WARN_EMPTY_BODY = YES;
				CLANG_WARN_ENUM_CONVERSION = YES;
				CLANG_WARN_INFINITE_RECURSION = YES;
				CLANG_WARN_INT_CONVERSION = YES;
				CLANG_WARN_NON_LITERAL_NULL_CONVERSION = YES;
				CLANG_WARN_OBJC_IMPLICIT_RETAIN_SELF = YES;
				CLANG_WARN_OBJC_LITERAL_CONVERSION = YES;
				CLANG_WARN_OBJC_ROOT_CLASS = YES_ERROR;
				CLANG_WARN_QUOTED_INCLUDE_IN_FRAMEWORK_HEADER = YES;
				CLANG_WARN_RANGE_LOOP_ANALYSIS = YES;
				CLANG_WARN_STRICT_PROTOTYPES = YES;
				CLANG_WARN_SUSPICIOUS_MOVE = YES;
				CLANG_WARN_UNGUARDED_AVAILABILITY = YES_AGGRESSIVE;
				CLANG_WARN_UNREACHABLE_CODE = YES;
				CLANG_WARN__DUPLICATE_METHOD_MATCH = YES;
				COPY_PHASE_STRIP = NO;
				CURRENT_PROJECT_VERSION = 1;
				DEBUG_INFORMATION_FORMAT = "dwarf-with-dsym";
				ENABLE_NS_ASSERTIONS = NO;
				ENABLE_STRICT_OBJC_MSGSEND = YES;
				GCC_C_LANGUAGE_STANDARD = gnu11;
				GCC_NO_COMMON_BLOCKS = YES;
				GCC_WARN_64_TO_32_BIT_CONVERSION = YES;
				GCC_WARN_ABOUT_RETURN_TYPE = YES_ERROR;
				GCC_WARN_UNDECLARED_SELECTOR = YES;
				GCC_WARN_UNINITIALIZED_AUTOS = YES_AGGRESSIVE;
				GCC_WARN_UNUSED_FUNCTION = YES;
				GCC_WARN_UNUSED_VARIABLE = YES;
				IPHONEOS_DEPLOYMENT_TARGET = 15.4;
				MTL_ENABLE_DEBUG_INFO = NO;
				MTL_FAST_MATH = YES;
				SDKROOT = iphoneos;
				SWIFT_COMPILATION_MODE = wholemodule;
				SWIFT_OPTIMIZATION_LEVEL = "-O";
				VALIDATE_PRODUCT = YES;
				VERSIONING_SYSTEM = "apple-generic";
				VERSION_INFO_PREFIX = "";
			};
			name = Release;
		};
		9309369B281330070028EA2C /* Debug */ = {
			isa = XCBuildConfiguration;
			buildSettings = {
				BUILD_LIBRARY_FOR_DISTRIBUTION = YES;
				CODE_SIGN_STYLE = Automatic;
				CURRENT_PROJECT_VERSION = 1;
				DEFINES_MODULE = YES;
				DEVELOPMENT_TEAM = SZSQ274898;
				DYLIB_COMPATIBILITY_VERSION = 1;
				DYLIB_CURRENT_VERSION = 1;
				DYLIB_INSTALL_NAME_BASE = "@rpath";
				GENERATE_INFOPLIST_FILE = YES;
				INFOPLIST_KEY_NSHumanReadableCopyright = "";
				INSTALL_PATH = "$(LOCAL_LIBRARY_DIR)/Frameworks";
				IPHONEOS_DEPLOYMENT_TARGET = 13.0;
				LD_RUNPATH_SEARCH_PATHS = (
					"$(inherited)",
					"@executable_path/Frameworks",
					"@loader_path/Frameworks",
				);
				MARKETING_VERSION = 1.0;
				PRODUCT_BUNDLE_IDENTIFIER = br.com.zup.NimbusSwiftUI;
				PRODUCT_NAME = "$(TARGET_NAME:c99extidentifier)";
				SKIP_INSTALL = YES;
				SUPPORTS_MACCATALYST = NO;
				SWIFT_EMIT_LOC_STRINGS = YES;
				SWIFT_VERSION = 5.0;
				TARGETED_DEVICE_FAMILY = 1;
			};
			name = Debug;
		};
		9309369C281330070028EA2C /* Release */ = {
			isa = XCBuildConfiguration;
			buildSettings = {
				BUILD_LIBRARY_FOR_DISTRIBUTION = YES;
				CODE_SIGN_STYLE = Automatic;
				CURRENT_PROJECT_VERSION = 1;
				DEFINES_MODULE = YES;
				DEVELOPMENT_TEAM = SZSQ274898;
				DYLIB_COMPATIBILITY_VERSION = 1;
				DYLIB_CURRENT_VERSION = 1;
				DYLIB_INSTALL_NAME_BASE = "@rpath";
				GENERATE_INFOPLIST_FILE = YES;
				INFOPLIST_KEY_NSHumanReadableCopyright = "";
				INSTALL_PATH = "$(LOCAL_LIBRARY_DIR)/Frameworks";
				IPHONEOS_DEPLOYMENT_TARGET = 13.0;
				LD_RUNPATH_SEARCH_PATHS = (
					"$(inherited)",
					"@executable_path/Frameworks",
					"@loader_path/Frameworks",
				);
				MARKETING_VERSION = 1.0;
				ONLY_ACTIVE_ARCH = NO;
				PRODUCT_BUNDLE_IDENTIFIER = br.com.zup.NimbusSwiftUI;
				PRODUCT_NAME = "$(TARGET_NAME:c99extidentifier)";
				SKIP_INSTALL = YES;
				SUPPORTS_MACCATALYST = NO;
				SWIFT_EMIT_LOC_STRINGS = YES;
				SWIFT_VERSION = 5.0;
				TARGETED_DEVICE_FAMILY = 1;
			};
			name = Release;
		};
		9309369E281330070028EA2C /* Debug */ = {
			isa = XCBuildConfiguration;
			buildSettings = {
				ALWAYS_EMBED_SWIFT_STANDARD_LIBRARIES = YES;
				CODE_SIGN_STYLE = Automatic;
				CURRENT_PROJECT_VERSION = 1;
				DEVELOPMENT_TEAM = SZSQ274898;
				GENERATE_INFOPLIST_FILE = YES;
				IPHONEOS_DEPLOYMENT_TARGET = 13.0;
				MARKETING_VERSION = 1.0;
				PRODUCT_BUNDLE_IDENTIFIER = br.com.zup.NimbusSwiftUITests;
				PRODUCT_NAME = "$(TARGET_NAME)";
				SWIFT_EMIT_LOC_STRINGS = NO;
				SWIFT_VERSION = 5.0;
				TARGETED_DEVICE_FAMILY = "1,2";
			};
			name = Debug;
		};
		9309369F281330070028EA2C /* Release */ = {
			isa = XCBuildConfiguration;
			buildSettings = {
				ALWAYS_EMBED_SWIFT_STANDARD_LIBRARIES = YES;
				CODE_SIGN_STYLE = Automatic;
				CURRENT_PROJECT_VERSION = 1;
				DEVELOPMENT_TEAM = SZSQ274898;
				GENERATE_INFOPLIST_FILE = YES;
				IPHONEOS_DEPLOYMENT_TARGET = 13.0;
				MARKETING_VERSION = 1.0;
				PRODUCT_BUNDLE_IDENTIFIER = br.com.zup.NimbusSwiftUITests;
				PRODUCT_NAME = "$(TARGET_NAME)";
				SWIFT_EMIT_LOC_STRINGS = NO;
				SWIFT_VERSION = 5.0;
				TARGETED_DEVICE_FAMILY = "1,2";
			};
			name = Release;
		};
/* End XCBuildConfiguration section */

/* Begin XCConfigurationList section */
		93093680281330070028EA2C /* Build configuration list for PBXProject "NimbusSwiftUI" */ = {
			isa = XCConfigurationList;
			buildConfigurations = (
				93093698281330070028EA2C /* Debug */,
				93093699281330070028EA2C /* Release */,
			);
			defaultConfigurationIsVisible = 0;
			defaultConfigurationName = Release;
		};
		9309369A281330070028EA2C /* Build configuration list for PBXNativeTarget "NimbusSwiftUI" */ = {
			isa = XCConfigurationList;
			buildConfigurations = (
				9309369B281330070028EA2C /* Debug */,
				9309369C281330070028EA2C /* Release */,
			);
			defaultConfigurationIsVisible = 0;
			defaultConfigurationName = Release;
		};
		9309369D281330070028EA2C /* Build configuration list for PBXNativeTarget "NimbusSwiftUITests" */ = {
			isa = XCConfigurationList;
			buildConfigurations = (
				9309369E281330070028EA2C /* Debug */,
				9309369F281330070028EA2C /* Release */,
			);
			defaultConfigurationIsVisible = 0;
			defaultConfigurationName = Release;
		};
/* End XCConfigurationList section */

/* Begin XCRemoteSwiftPackageReference section */
		93417C2C283D4FBC007A014F /* XCRemoteSwiftPackageReference "swift-snapshot-testing" */ = {
			isa = XCRemoteSwiftPackageReference;
			repositoryURL = "https://github.com/pointfreeco/swift-snapshot-testing.git";
			requirement = {
				kind = upToNextMajorVersion;
				minimumVersion = 1.0.0;
			};
		};
/* End XCRemoteSwiftPackageReference section */

/* Begin XCSwiftPackageProductDependency section */
		93417C2D283D4FBC007A014F /* SnapshotTesting */ = {
			isa = XCSwiftPackageProductDependency;
			package = 93417C2C283D4FBC007A014F /* XCRemoteSwiftPackageReference "swift-snapshot-testing" */;
			productName = SnapshotTesting;
		};
/* End XCSwiftPackageProductDependency section */
	};
	rootObject = 9309367D281330070028EA2C /* Project object */;
}
