// !$*UTF8*$!
{
	archiveVersion = 1;
	classes = {
	};
	objectVersion = 55;
	objects = {

/* Begin PBXBuildFile section */
		935262C7281B036D00C0760C /* PersonCardComponent.swift in Sources */ = {isa = PBXBuildFile; fileRef = 935262C2281B036D00C0760C /* PersonCardComponent.swift */; };
		935262C8281B036D00C0760C /* Container.swift in Sources */ = {isa = PBXBuildFile; fileRef = 935262C3281B036D00C0760C /* Container.swift */; };
		935262C9281B036D00C0760C /* Text.swift in Sources */ = {isa = PBXBuildFile; fileRef = 935262C4281B036D00C0760C /* Text.swift */; };
		935262CA281B036D00C0760C /* Button.swift in Sources */ = {isa = PBXBuildFile; fileRef = 935262C5281B036D00C0760C /* Button.swift */; };
		935262CB281B036D00C0760C /* Components.swift in Sources */ = {isa = PBXBuildFile; fileRef = 935262C6281B036D00C0760C /* Components.swift */; };
		935262D0281B037A00C0760C /* Address.swift in Sources */ = {isa = PBXBuildFile; fileRef = 935262CD281B037A00C0760C /* Address.swift */; };
		935262D1281B037A00C0760C /* PersonCardModel.swift in Sources */ = {isa = PBXBuildFile; fileRef = 935262CE281B037A00C0760C /* PersonCardModel.swift */; };
		935262D2281B037A00C0760C /* Person.swift in Sources */ = {isa = PBXBuildFile; fileRef = 935262CF281B037A00C0760C /* Person.swift */; };
		935262D4281B038700C0760C /* ContentView.swift in Sources */ = {isa = PBXBuildFile; fileRef = 935262D3281B038700C0760C /* ContentView.swift */; };
		935262D6281B044800C0760C /* NimbusSwiftUI.framework in Frameworks */ = {isa = PBXBuildFile; fileRef = 935262D5281B044800C0760C /* NimbusSwiftUI.framework */; };
		935262D7281B044800C0760C /* NimbusSwiftUI.framework in Embed Frameworks */ = {isa = PBXBuildFile; fileRef = 935262D5281B044800C0760C /* NimbusSwiftUI.framework */; settings = {ATTRIBUTES = (CodeSignOnCopy, RemoveHeadersOnCopy, ); }; };
		93F10D9B281AFF400079975D /* AppDelegate.swift in Sources */ = {isa = PBXBuildFile; fileRef = 93F10D9A281AFF400079975D /* AppDelegate.swift */; };
		93F10D9D281AFF400079975D /* SceneDelegate.swift in Sources */ = {isa = PBXBuildFile; fileRef = 93F10D9C281AFF400079975D /* SceneDelegate.swift */; };
		93F10DA4281AFF410079975D /* Assets.xcassets in Resources */ = {isa = PBXBuildFile; fileRef = 93F10DA3281AFF410079975D /* Assets.xcassets */; };
		93F10DA7281AFF410079975D /* LaunchScreen.storyboard in Resources */ = {isa = PBXBuildFile; fileRef = 93F10DA5281AFF410079975D /* LaunchScreen.storyboard */; };
/* End PBXBuildFile section */

/* Begin PBXCopyFilesBuildPhase section */
		935262D8281B044800C0760C /* Embed Frameworks */ = {
			isa = PBXCopyFilesBuildPhase;
			buildActionMask = 2147483647;
			dstPath = "";
			dstSubfolderSpec = 10;
			files = (
				935262D7281B044800C0760C /* NimbusSwiftUI.framework in Embed Frameworks */,
			);
			name = "Embed Frameworks";
			runOnlyForDeploymentPostprocessing = 0;
		};
/* End PBXCopyFilesBuildPhase section */

/* Begin PBXFileReference section */
		935262C2281B036D00C0760C /* PersonCardComponent.swift */ = {isa = PBXFileReference; fileEncoding = 4; lastKnownFileType = sourcecode.swift; path = PersonCardComponent.swift; sourceTree = "<group>"; };
		935262C3281B036D00C0760C /* Container.swift */ = {isa = PBXFileReference; fileEncoding = 4; lastKnownFileType = sourcecode.swift; path = Container.swift; sourceTree = "<group>"; };
		935262C4281B036D00C0760C /* Text.swift */ = {isa = PBXFileReference; fileEncoding = 4; lastKnownFileType = sourcecode.swift; path = Text.swift; sourceTree = "<group>"; };
		935262C5281B036D00C0760C /* Button.swift */ = {isa = PBXFileReference; fileEncoding = 4; lastKnownFileType = sourcecode.swift; path = Button.swift; sourceTree = "<group>"; };
		935262C6281B036D00C0760C /* Components.swift */ = {isa = PBXFileReference; fileEncoding = 4; lastKnownFileType = sourcecode.swift; path = Components.swift; sourceTree = "<group>"; };
		935262CD281B037A00C0760C /* Address.swift */ = {isa = PBXFileReference; fileEncoding = 4; lastKnownFileType = sourcecode.swift; path = Address.swift; sourceTree = "<group>"; };
		935262CE281B037A00C0760C /* PersonCardModel.swift */ = {isa = PBXFileReference; fileEncoding = 4; lastKnownFileType = sourcecode.swift; path = PersonCardModel.swift; sourceTree = "<group>"; };
		935262CF281B037A00C0760C /* Person.swift */ = {isa = PBXFileReference; fileEncoding = 4; lastKnownFileType = sourcecode.swift; path = Person.swift; sourceTree = "<group>"; };
		935262D3281B038700C0760C /* ContentView.swift */ = {isa = PBXFileReference; fileEncoding = 4; lastKnownFileType = sourcecode.swift; path = ContentView.swift; sourceTree = "<group>"; };
		935262D5281B044800C0760C /* NimbusSwiftUI.framework */ = {isa = PBXFileReference; explicitFileType = wrapper.framework; path = NimbusSwiftUI.framework; sourceTree = BUILT_PRODUCTS_DIR; };
		93F10D97281AFF400079975D /* NimbusSample.app */ = {isa = PBXFileReference; explicitFileType = wrapper.application; includeInIndex = 0; path = NimbusSample.app; sourceTree = BUILT_PRODUCTS_DIR; };
		93F10D9A281AFF400079975D /* AppDelegate.swift */ = {isa = PBXFileReference; lastKnownFileType = sourcecode.swift; path = AppDelegate.swift; sourceTree = "<group>"; };
		93F10D9C281AFF400079975D /* SceneDelegate.swift */ = {isa = PBXFileReference; lastKnownFileType = sourcecode.swift; path = SceneDelegate.swift; sourceTree = "<group>"; };
		93F10DA3281AFF410079975D /* Assets.xcassets */ = {isa = PBXFileReference; lastKnownFileType = folder.assetcatalog; path = Assets.xcassets; sourceTree = "<group>"; };
		93F10DA6281AFF410079975D /* Base */ = {isa = PBXFileReference; lastKnownFileType = file.storyboard; name = Base; path = Base.lproj/LaunchScreen.storyboard; sourceTree = "<group>"; };
		93F10DA8281AFF410079975D /* Info.plist */ = {isa = PBXFileReference; lastKnownFileType = text.plist.xml; path = Info.plist; sourceTree = "<group>"; };
/* End PBXFileReference section */

/* Begin PBXFrameworksBuildPhase section */
		93F10D94281AFF400079975D /* Frameworks */ = {
			isa = PBXFrameworksBuildPhase;
			buildActionMask = 2147483647;
			files = (
				935262D6281B044800C0760C /* NimbusSwiftUI.framework in Frameworks */,
			);
			runOnlyForDeploymentPostprocessing = 0;
		};
/* End PBXFrameworksBuildPhase section */

/* Begin PBXGroup section */
		87366659E605D182A9BC4C44 /* Frameworks */ = {
			isa = PBXGroup;
			children = (
				935262D5281B044800C0760C /* NimbusSwiftUI.framework */,
			);
			name = Frameworks;
			sourceTree = "<group>";
		};
		935262C1281B036D00C0760C /* Components */ = {
			isa = PBXGroup;
			children = (
				935262C2281B036D00C0760C /* PersonCardComponent.swift */,
				935262C3281B036D00C0760C /* Container.swift */,
				935262C4281B036D00C0760C /* Text.swift */,
				935262C5281B036D00C0760C /* Button.swift */,
				935262C6281B036D00C0760C /* Components.swift */,
			);
			path = Components;
			sourceTree = "<group>";
		};
		935262CC281B037A00C0760C /* Models */ = {
			isa = PBXGroup;
			children = (
				935262CD281B037A00C0760C /* Address.swift */,
				935262CE281B037A00C0760C /* PersonCardModel.swift */,
				935262CF281B037A00C0760C /* Person.swift */,
			);
			path = Models;
			sourceTree = "<group>";
		};
		93F10D8E281AFF400079975D = {
			isa = PBXGroup;
			children = (
				93F10D99281AFF400079975D /* NimbusSample */,
				93F10D98281AFF400079975D /* Products */,
				87366659E605D182A9BC4C44 /* Frameworks */,
			);
			sourceTree = "<group>";
		};
		93F10D98281AFF400079975D /* Products */ = {
			isa = PBXGroup;
			children = (
				93F10D97281AFF400079975D /* NimbusSample.app */,
			);
			name = Products;
			sourceTree = "<group>";
		};
		93F10D99281AFF400079975D /* NimbusSample */ = {
			isa = PBXGroup;
			children = (
				935262CC281B037A00C0760C /* Models */,
				935262C1281B036D00C0760C /* Components */,
				93F10D9A281AFF400079975D /* AppDelegate.swift */,
				935262D3281B038700C0760C /* ContentView.swift */,
				93F10D9C281AFF400079975D /* SceneDelegate.swift */,
				93F10DA3281AFF410079975D /* Assets.xcassets */,
				93F10DA5281AFF410079975D /* LaunchScreen.storyboard */,
				93F10DA8281AFF410079975D /* Info.plist */,
			);
			path = NimbusSample;
			sourceTree = "<group>";
		};
/* End PBXGroup section */

/* Begin PBXNativeTarget section */
		93F10D96281AFF400079975D /* NimbusSample */ = {
			isa = PBXNativeTarget;
			buildConfigurationList = 93F10DAB281AFF410079975D /* Build configuration list for PBXNativeTarget "NimbusSample" */;
			buildPhases = (
				93F10D93281AFF400079975D /* Sources */,
				93F10D94281AFF400079975D /* Frameworks */,
				93F10D95281AFF400079975D /* Resources */,
				935262D8281B044800C0760C /* Embed Frameworks */,
			);
			buildRules = (
			);
			dependencies = (
			);
			name = NimbusSample;
			productName = NimbusSample;
			productReference = 93F10D97281AFF400079975D /* NimbusSample.app */;
			productType = "com.apple.product-type.application";
		};
/* End PBXNativeTarget section */

/* Begin PBXProject section */
		93F10D8F281AFF400079975D /* Project object */ = {
			isa = PBXProject;
			attributes = {
				BuildIndependentTargetsInParallel = 1;
				LastSwiftUpdateCheck = 1330;
				LastUpgradeCheck = 1330;
				TargetAttributes = {
					93F10D96281AFF400079975D = {
						CreatedOnToolsVersion = 13.3;
					};
				};
			};
			buildConfigurationList = 93F10D92281AFF400079975D /* Build configuration list for PBXProject "NimbusSample" */;
			compatibilityVersion = "Xcode 13.0";
			developmentRegion = en;
			hasScannedForEncodings = 0;
			knownRegions = (
				en,
				Base,
			);
			mainGroup = 93F10D8E281AFF400079975D;
			productRefGroup = 93F10D98281AFF400079975D /* Products */;
			projectDirPath = "";
			projectRoot = "";
			targets = (
				93F10D96281AFF400079975D /* NimbusSample */,
			);
		};
/* End PBXProject section */

/* Begin PBXResourcesBuildPhase section */
		93F10D95281AFF400079975D /* Resources */ = {
			isa = PBXResourcesBuildPhase;
			buildActionMask = 2147483647;
			files = (
				93F10DA7281AFF410079975D /* LaunchScreen.storyboard in Resources */,
				93F10DA4281AFF410079975D /* Assets.xcassets in Resources */,
			);
			runOnlyForDeploymentPostprocessing = 0;
		};
/* End PBXResourcesBuildPhase section */

/* Begin PBXSourcesBuildPhase section */
		93F10D93281AFF400079975D /* Sources */ = {
			isa = PBXSourcesBuildPhase;
			buildActionMask = 2147483647;
			files = (
				935262D0281B037A00C0760C /* Address.swift in Sources */,
				935262CA281B036D00C0760C /* Button.swift in Sources */,
				935262D4281B038700C0760C /* ContentView.swift in Sources */,
				935262CB281B036D00C0760C /* Components.swift in Sources */,
				935262C7281B036D00C0760C /* PersonCardComponent.swift in Sources */,
				935262D2281B037A00C0760C /* Person.swift in Sources */,
				935262C8281B036D00C0760C /* Container.swift in Sources */,
				93F10D9B281AFF400079975D /* AppDelegate.swift in Sources */,
				935262C9281B036D00C0760C /* Text.swift in Sources */,
				935262D1281B037A00C0760C /* PersonCardModel.swift in Sources */,
				93F10D9D281AFF400079975D /* SceneDelegate.swift in Sources */,
			);
			runOnlyForDeploymentPostprocessing = 0;
		};
/* End PBXSourcesBuildPhase section */

/* Begin PBXVariantGroup section */
		93F10DA5281AFF410079975D /* LaunchScreen.storyboard */ = {
			isa = PBXVariantGroup;
			children = (
				93F10DA6281AFF410079975D /* Base */,
			);
			name = LaunchScreen.storyboard;
			sourceTree = "<group>";
		};
/* End PBXVariantGroup section */

/* Begin XCBuildConfiguration section */
		93F10DA9281AFF410079975D /* Debug */ = {
			isa = XCBuildConfiguration;
			buildSettings = {
				ALWAYS_SEARCH_USER_PATHS = NO;
				CLANG_ANALYZER_NONNULL = YES;
				CLANG_ANALYZER_NUMBER_OBJECT_CONVERSION = YES_AGGRESSIVE;
				CLANG_CXX_LANGUAGE_STANDARD = "gnu++17";
				CLANG_ENABLE_MODULES = YES;
				CLANG_ENABLE_OBJC_ARC = YES;
				CLANG_ENABLE_OBJC_WEAK = YES;
				CLANG_WARN_BLOCK_CAPTURE_AUTORELEASING = YES;
				CLANG_WARN_BOOL_CONVERSION = YES;
				CLANG_WARN_COMMA = YES;
				CLANG_WARN_CONSTANT_CONVERSION = YES;
				CLANG_WARN_DEPRECATED_OBJC_IMPLEMENTATIONS = YES;
				CLANG_WARN_DIRECT_OBJC_ISA_USAGE = YES_ERROR;
				CLANG_WARN_DOCUMENTATION_COMMENTS = YES;
				CLANG_WARN_EMPTY_BODY = YES;
				CLANG_WARN_ENUM_CONVERSION = YES;
				CLANG_WARN_INFINITE_RECURSION = YES;
				CLANG_WARN_INT_CONVERSION = YES;
				CLANG_WARN_NON_LITERAL_NULL_CONVERSION = YES;
				CLANG_WARN_OBJC_IMPLICIT_RETAIN_SELF = YES;
				CLANG_WARN_OBJC_LITERAL_CONVERSION = YES;
				CLANG_WARN_OBJC_ROOT_CLASS = YES_ERROR;
				CLANG_WARN_QUOTED_INCLUDE_IN_FRAMEWORK_HEADER = YES;
				CLANG_WARN_RANGE_LOOP_ANALYSIS = YES;
				CLANG_WARN_STRICT_PROTOTYPES = YES;
				CLANG_WARN_SUSPICIOUS_MOVE = YES;
				CLANG_WARN_UNGUARDED_AVAILABILITY = YES_AGGRESSIVE;
				CLANG_WARN_UNREACHABLE_CODE = YES;
				CLANG_WARN__DUPLICATE_METHOD_MATCH = YES;
				COPY_PHASE_STRIP = NO;
				DEBUG_INFORMATION_FORMAT = dwarf;
				ENABLE_STRICT_OBJC_MSGSEND = YES;
				ENABLE_TESTABILITY = YES;
				GCC_C_LANGUAGE_STANDARD = gnu11;
				GCC_DYNAMIC_NO_PIC = NO;
				GCC_NO_COMMON_BLOCKS = YES;
				GCC_OPTIMIZATION_LEVEL = 0;
				GCC_PREPROCESSOR_DEFINITIONS = (
					"DEBUG=1",
					"$(inherited)",
				);
				GCC_WARN_64_TO_32_BIT_CONVERSION = YES;
				GCC_WARN_ABOUT_RETURN_TYPE = YES_ERROR;
				GCC_WARN_UNDECLARED_SELECTOR = YES;
				GCC_WARN_UNINITIALIZED_AUTOS = YES_AGGRESSIVE;
				GCC_WARN_UNUSED_FUNCTION = YES;
				GCC_WARN_UNUSED_VARIABLE = YES;
				IPHONEOS_DEPLOYMENT_TARGET = 15.4;
				MTL_ENABLE_DEBUG_INFO = INCLUDE_SOURCE;
				MTL_FAST_MATH = YES;
				ONLY_ACTIVE_ARCH = YES;
				SDKROOT = iphoneos;
				SWIFT_ACTIVE_COMPILATION_CONDITIONS = DEBUG;
				SWIFT_OPTIMIZATION_LEVEL = "-Onone";
			};
			name = Debug;
		};
		93F10DAA281AFF410079975D /* Release */ = {
			isa = XCBuildConfiguration;
			buildSettings = {
				ALWAYS_SEARCH_USER_PATHS = NO;
				CLANG_ANALYZER_NONNULL = YES;
				CLANG_ANALYZER_NUMBER_OBJECT_CONVERSION = YES_AGGRESSIVE;
				CLANG_CXX_LANGUAGE_STANDARD = "gnu++17";
				CLANG_ENABLE_MODULES = YES;
				CLANG_ENABLE_OBJC_ARC = YES;
				CLANG_ENABLE_OBJC_WEAK = YES;
				CLANG_WARN_BLOCK_CAPTURE_AUTORELEASING = YES;
				CLANG_WARN_BOOL_CONVERSION = YES;
				CLANG_WARN_COMMA = YES;
				CLANG_WARN_CONSTANT_CONVERSION = YES;
				CLANG_WARN_DEPRECATED_OBJC_IMPLEMENTATIONS = YES;
				CLANG_WARN_DIRECT_OBJC_ISA_USAGE = YES_ERROR;
				CLANG_WARN_DOCUMENTATION_COMMENTS = YES;
				CLANG_WARN_EMPTY_BODY = YES;
				CLANG_WARN_ENUM_CONVERSION = YES;
				CLANG_WARN_INFINITE_RECURSION = YES;
				CLANG_WARN_INT_CONVERSION = YES;
				CLANG_WARN_NON_LITERAL_NULL_CONVERSION = YES;
				CLANG_WARN_OBJC_IMPLICIT_RETAIN_SELF = YES;
				CLANG_WARN_OBJC_LITERAL_CONVERSION = YES;
				CLANG_WARN_OBJC_ROOT_CLASS = YES_ERROR;
				CLANG_WARN_QUOTED_INCLUDE_IN_FRAMEWORK_HEADER = YES;
				CLANG_WARN_RANGE_LOOP_ANALYSIS = YES;
				CLANG_WARN_STRICT_PROTOTYPES = YES;
				CLANG_WARN_SUSPICIOUS_MOVE = YES;
				CLANG_WARN_UNGUARDED_AVAILABILITY = YES_AGGRESSIVE;
				CLANG_WARN_UNREACHABLE_CODE = YES;
				CLANG_WARN__DUPLICATE_METHOD_MATCH = YES;
				COPY_PHASE_STRIP = NO;
				DEBUG_INFORMATION_FORMAT = "dwarf-with-dsym";
				ENABLE_NS_ASSERTIONS = NO;
				ENABLE_STRICT_OBJC_MSGSEND = YES;
				GCC_C_LANGUAGE_STANDARD = gnu11;
				GCC_NO_COMMON_BLOCKS = YES;
				GCC_WARN_64_TO_32_BIT_CONVERSION = YES;
				GCC_WARN_ABOUT_RETURN_TYPE = YES_ERROR;
				GCC_WARN_UNDECLARED_SELECTOR = YES;
				GCC_WARN_UNINITIALIZED_AUTOS = YES_AGGRESSIVE;
				GCC_WARN_UNUSED_FUNCTION = YES;
				GCC_WARN_UNUSED_VARIABLE = YES;
				IPHONEOS_DEPLOYMENT_TARGET = 15.4;
				MTL_ENABLE_DEBUG_INFO = NO;
				MTL_FAST_MATH = YES;
				SDKROOT = iphoneos;
				SWIFT_COMPILATION_MODE = wholemodule;
				SWIFT_OPTIMIZATION_LEVEL = "-O";
				VALIDATE_PRODUCT = YES;
			};
			name = Release;
		};
		93F10DAC281AFF410079975D /* Debug */ = {
			isa = XCBuildConfiguration;
			buildSettings = {
				ASSETCATALOG_COMPILER_APPICON_NAME = AppIcon;
				ASSETCATALOG_COMPILER_GLOBAL_ACCENT_COLOR_NAME = AccentColor;
				CODE_SIGN_STYLE = Automatic;
				CURRENT_PROJECT_VERSION = 1;
				DEVELOPMENT_TEAM = SZSQ274898;
				GENERATE_INFOPLIST_FILE = YES;
				INFOPLIST_FILE = NimbusSample/Info.plist;
				INFOPLIST_KEY_UIApplicationSupportsIndirectInputEvents = YES;
				INFOPLIST_KEY_UILaunchStoryboardName = LaunchScreen;
				INFOPLIST_KEY_UISupportedInterfaceOrientations_iPad = "UIInterfaceOrientationPortrait UIInterfaceOrientationPortraitUpsideDown UIInterfaceOrientationLandscapeLeft UIInterfaceOrientationLandscapeRight";
				INFOPLIST_KEY_UISupportedInterfaceOrientations_iPhone = "UIInterfaceOrientationPortrait UIInterfaceOrientationLandscapeLeft UIInterfaceOrientationLandscapeRight";
				IPHONEOS_DEPLOYMENT_TARGET = 13.0;
				LD_RUNPATH_SEARCH_PATHS = (
					"$(inherited)",
					"@executable_path/Frameworks",
				);
				MARKETING_VERSION = 1.0;
				PRODUCT_BUNDLE_IDENTIFIER = br.com.zup.NimbusSample;
				PRODUCT_NAME = "$(TARGET_NAME)";
				SWIFT_EMIT_LOC_STRINGS = YES;
				SWIFT_VERSION = 5.0;
				TARGETED_DEVICE_FAMILY = 1;
			};
			name = Debug;
		};
		93F10DAD281AFF410079975D /* Release */ = {
			isa = XCBuildConfiguration;
			buildSettings = {
				ASSETCATALOG_COMPILER_APPICON_NAME = AppIcon;
				ASSETCATALOG_COMPILER_GLOBAL_ACCENT_COLOR_NAME = AccentColor;
				CODE_SIGN_STYLE = Automatic;
				CURRENT_PROJECT_VERSION = 1;
				DEVELOPMENT_TEAM = SZSQ274898;
				GENERATE_INFOPLIST_FILE = YES;
				INFOPLIST_FILE = NimbusSample/Info.plist;
				INFOPLIST_KEY_UIApplicationSupportsIndirectInputEvents = YES;
				INFOPLIST_KEY_UILaunchStoryboardName = LaunchScreen;
				INFOPLIST_KEY_UISupportedInterfaceOrientations_iPad = "UIInterfaceOrientationPortrait UIInterfaceOrientationPortraitUpsideDown UIInterfaceOrientationLandscapeLeft UIInterfaceOrientationLandscapeRight";
				INFOPLIST_KEY_UISupportedInterfaceOrientations_iPhone = "UIInterfaceOrientationPortrait UIInterfaceOrientationLandscapeLeft UIInterfaceOrientationLandscapeRight";
				IPHONEOS_DEPLOYMENT_TARGET = 13.0;
				LD_RUNPATH_SEARCH_PATHS = (
					"$(inherited)",
					"@executable_path/Frameworks",
				);
				MARKETING_VERSION = 1.0;
				PRODUCT_BUNDLE_IDENTIFIER = br.com.zup.NimbusSample;
				PRODUCT_NAME = "$(TARGET_NAME)";
				SWIFT_EMIT_LOC_STRINGS = YES;
				SWIFT_VERSION = 5.0;
				TARGETED_DEVICE_FAMILY = 1;
			};
			name = Release;
		};
/* End XCBuildConfiguration section */

/* Begin XCConfigurationList section */
		93F10D92281AFF400079975D /* Build configuration list for PBXProject "NimbusSample" */ = {
			isa = XCConfigurationList;
			buildConfigurations = (
				93F10DA9281AFF410079975D /* Debug */,
				93F10DAA281AFF410079975D /* Release */,
			);
			defaultConfigurationIsVisible = 0;
			defaultConfigurationName = Release;
		};
		93F10DAB281AFF410079975D /* Build configuration list for PBXNativeTarget "NimbusSample" */ = {
			isa = XCConfigurationList;
			buildConfigurations = (
				93F10DAC281AFF410079975D /* Debug */,
				93F10DAD281AFF410079975D /* Release */,
			);
			defaultConfigurationIsVisible = 0;
			defaultConfigurationName = Release;
		};
/* End XCConfigurationList section */
	};
	rootObject = 93F10D8F281AFF400079975D /* Project object */;
}
